{
    "requires": true,
    "lockfileVersion": 1,
    "dependencies": {
        "froala-editor": {
            "version": "4.1.4",
            "resolved": "https://registry.npmjs.org/froala-editor/-/froala-editor-4.1.4.tgz",
            "integrity": "sha512-oWF8SZNtLvfweURV5T0WYO69ZQpB1LQiGO2e6zoYRAlOwmqlW5yqLWfGi0tfn99qOgZ/4dxqBBDxqfOsRCQFiA=="
        },
        "izitoast": {
            "version": "1.4.0",
            "resolved": "https://registry.npmjs.org/izitoast/-/izitoast-1.4.0.tgz",
            "integrity": "sha512-Oc1X2wiQtPp39i5VpIjf3GJf5sfCtHKXZ5szx7RareyEeFLUlcEW0FSfBni28+Ul6KNKZRKzhVuWzSP4Xngh0w=="
        }
    }
}
